Microsoft Visual Studio Solution File, Format Version 12.00
# Visual Studio Version 16
VisualStudioVersion = 16.0.29905.134
MinimumVisualStudioVersion = 10.0.40219.1
Project("{8BC9CEB8-8B4A-11D0-8D11-00A0C91BC942}") = "TS000", "TS000\TS000.vcxproj", "{8507F265-A2F4-416A-9A66-8A8DF5B0ED69}"
EndProject
Project("{8BC9CEB8-8B4A-11D0-8D11-00A0C91BC942}") = "TS0101", "TS0101\TS0101.vcxproj", "{3F7ECAF1-0B34-48F7-8228-E16F6B59DBE2}"
EndProject
Project("{8BC9CEB8-8B4A-11D0-8D11-00A0C91BC942}") = "TS0102", "TS0102\TS0102.vcxproj", "{F585808A-3A88-4A21-925B-5FAB1F72AE98}"
EndProject
Project("{8BC9CEB8-8B4A-11D0-8D11-00A0C91BC942}") = "TS0201", "TS0201\TS0201.vcxproj", "{770E5CA3-2BF6-4D5C-8817-64F9B7654C47}"
EndProject
Project("{8BC9CEB8-8B4A-11D0-8D11-00A0C91BC942}") = "TS0202", "TS0202\TS0202.vcxproj", "{E3E0A949-ADE3-475E-8A10-DAF0C40C70A3}"
EndProject
Project("{8BC9CEB8-8B4A-11D0-8D11-00A0C91BC942}") = "TS0203", "TS0203\TS0203.vcxproj", "{62A431B5-5C11-432B-9B11-CC43B7EEDBB5}"
EndProject
Project("{8BC9CEB8-8B4A-11D0-8D11-00A0C91BC942}") = "TS0302", "TS0302\TS0302.vcxproj", "{6CB922E3-420D-4C89-B3DB-3A9B96D3CE93}"
EndProject
Project("{8BC9CEB8-8B4A-11D0-8D11-00A0C91BC942}") = "TS0301", "TS0301\TS0301.vcxproj", "{49DA7550-AB0F-4802-80DA-7FF2235E2234}"
EndProject
Project("{8BC9CEB8-8B4A-11D0-8D11-00A0C91BC942}") = "TS0402", "TS0402\TS0402.vcxproj", "{406E9DF3-57B2-4340-9AC5-D0E22A39C5EE}"
EndProject
Project("{8BC9CEB8-8B4A-11D0-8D11-00A0C91BC942}") = "TS0401", "TS0401\TS0401.vcxproj", "{A6C60DB5-68F1-41AC-9885-987F5BE82CEA}"
EndProject
Global
	GlobalSection(SolutionConfigurationPlatforms) = preSolution
		Debug|x64 = Debug|x64
		Debug|x86 = Debug|x86
		Release|x64 = Release|x64
		Release|x86 = Release|x86
	EndGlobalSection
	GlobalSection(ProjectConfigurationPlatforms) = postSolution
		{0737EFC9-3A0D-4E35-9107-926DECBC61CE}.Debug|x64.ActiveCfg = Debug|x64
		{0737EFC9-3A0D-4E35-9107-926DECBC61CE}.Debug|x64.Build.0 = Debug|x64
		{0737EFC9-3A0D-4E35-9107-926DECBC61CE}.Debug|x86.ActiveCfg = Debug|Win32
		{0737EFC9-3A0D-4E35-9107-926DECBC61CE}.Debug|x86.Build.0 = Debug|Win32
		{0737EFC9-3A0D-4E35-9107-926DECBC61CE}.Release|x64.ActiveCfg = Release|x64
		{0737EFC9-3A0D-4E35-9107-926DECBC61CE}.Release|x64.Build.0 = Release|x64
		{0737EFC9-3A0D-4E35-9107-926DECBC61CE}.Release|x86.ActiveCfg = Release|Win32
		{0737EFC9-3A0D-4E35-9107-926DECBC61CE}.Release|x86.Build.0 = Release|Win32
		{22C29005-8306-4599-9F81-367FBD50A807}.Debug|x64.ActiveCfg = Debug|x64
		{22C29005-8306-4599-9F81-367FBD50A807}.Debug|x64.Build.0 = Debug|x64
		{22C29005-8306-4599-9F81-367FBD50A807}.Debug|x86.ActiveCfg = Debug|Win32
		{22C29005-8306-4599-9F81-367FBD50A807}.Debug|x86.Build.0 = Debug|Win32
		{22C29005-8306-4599-9F81-367FBD50A807}.Release|x64.ActiveCfg = Release|x64
		{22C29005-8306-4599-9F81-367FBD50A807}.Release|x64.Build.0 = Release|x64
		{22C29005-8306-4599-9F81-367FBD50A807}.Release|x86.ActiveCfg = Release|Win32
		{22C29005-8306-4599-9F81-367FBD50A807}.Release|x86.Build.0 = Release|Win32
	EndGlobalSection
	GlobalSection(SolutionProperties) = preSolution
		HideSolutionNode = FALSE
	EndGlobalSection
	GlobalSection(ExtensibilityGlobals) = postSolution
		SolutionGuid = {D137B39D-85BE-4736-89DE-A7A4F25E98AE}
	EndGlobalSection
EndGlobal